{
  "name": "cdk-lambda-ruby",
  "version": "0.1.3",
  "lockfileVersion": 1,
  "requires": true,
  "dependencies": {
    "@types/node": {
      "version": "17.0.18",
      "resolved": "https://registry.npmjs.org/@types/node/-/node-17.0.18.tgz",
      "integrity": "sha512-eKj4f/BsN/qcculZiRSujogjvp5O/k4lOW5m35NopjZM/QwLOR075a8pJW5hD+Rtdm2DaCVPENS6KtSQnUD6BA==",
      "dev": true
    },
    "aws-cdk-lib": {
      "version": "2.30.0",
      "resolved": "https://registry.npmjs.org/aws-cdk-lib/-/aws-cdk-lib-2.30.0.tgz",
      "integrity": "sha512-e9KKwRF4vPzPpOXPq8dtzUdn6j2tmTrrSZmQu2tOiZni0eB1vhiOVwaxc/8aEUrz8wUZ8t2gEitYdJmtm/GWhQ==",
      "dev": true,
      "requires": {
        "@balena/dockerignore": "^1.0.2",
        "case": "1.6.3",
        "fs-extra": "^9.1.0",
        "ignore": "^5.2.0",
        "jsonschema": "^1.4.1",
        "minimatch": "^3.1.2",
        "punycode": "^2.1.1",
        "semver": "^7.3.7",
        "yaml": "1.10.2"
      },
      "dependencies": {
        "@balena/dockerignore": {
          "version": "1.0.2",
          "bundled": true,
          "dev": true
        },
        "at-least-node": {
          "version": "1.0.0",
          "bundled": true,
          "dev": true
        },
        "balanced-match": {
          "version": "1.0.2",
          "bundled": true,
          "dev": true
        },
        "brace-expansion": {
          "version": "1.1.11",
          "bundled": true,
          "dev": true,
          "requires": {
            "balanced-match": "^1.0.0",
            "concat-map": "0.0.1"
          }
        },
        "case": {
          "version": "1.6.3",
          "bundled": true,
          "dev": true
        },
        "concat-map": {
          "version": "0.0.1",
          "bundled": true,
          "dev": true
        },
        "fs-extra": {
          "version": "9.1.0",
          "bundled": true,
          "dev": true,
          "requires": {
            "at-least-node": "^1.0.0",
            "graceful-fs": "^4.2.0",
            "jsonfile": "^6.0.1",
            "universalify": "^2.0.0"
          }
        },
        "graceful-fs": {
          "version": "4.2.10",
          "bundled": true,
          "dev": true
        },
        "ignore": {
          "version": "5.2.0",
          "bundled": true,
          "dev": true
        },
        "jsonfile": {
          "version": "6.1.0",
          "bundled": true,
          "dev": true,
          "requires": {
            "graceful-fs": "^4.1.6",
            "universalify": "^2.0.0"
          }
        },
        "jsonschema": {
          "version": "1.4.1",
          "bundled": true,
          "dev": true
        },
        "lru-cache": {
          "version": "6.0.0",
          "bundled": true,
          "dev": true,
          "requires": {
            "yallist": "^4.0.0"
          }
        },
        "minimatch": {
          "version": "3.1.2",
          "bundled": true,
          "dev": true,
          "requires": {
            "brace-expansion": "^1.1.7"
          }
        },
        "punycode": {
          "version": "2.1.1",
          "bundled": true,
          "dev": true
        },
        "semver": {
          "version": "7.3.7",
          "bundled": true,
          "dev": true,
          "requires": {
            "lru-cache": "^6.0.0"
          }
        },
        "universalify": {
          "version": "2.0.0",
          "bundled": true,
          "dev": true
        },
        "yallist": {
          "version": "4.0.0",
          "bundled": true,
          "dev": true
        },
        "yaml": {
          "version": "1.10.2",
          "bundled": true,
          "dev": true
        }
      }
    },
    "constructs": {
      "version": "10.0.66",
      "resolved": "https://registry.npmjs.org/constructs/-/constructs-10.0.66.tgz",
      "integrity": "sha512-luFprSllFDm8iEt/irxsWnm8PHNKNNnZ3pV+5PRXDUOnLaWCv6Vwm+7E0IX6pfgiSphOSsWqhA4ReJA+xe0YHg==",
      "dev": true
    },
    "typescript": {
      "version": "4.5.5",
      "resolved": "https://registry.npmjs.org/typescript/-/typescript-4.5.5.tgz",
      "integrity": "sha512-TCTIul70LyWe6IJWT8QSYeA54WQe8EjQFU4wY52Fasj5UKx88LNYKCgBEHcOMOrFF1rKGbD8v/xcNWVUq9SymA==",
      "dev": true
    }
  }
}
