{
  "name": "cdk-lambda-ruby",
  "version": "0.1.3",
  "lockfileVersion": 1,
  "requires": true,
  "dependencies": {
    "@aws-cdk/assets": {
      "version": "1.76.0",
      "resolved": "https://registry.npmjs.org/@aws-cdk/assets/-/assets-1.76.0.tgz",
      "integrity": "sha512-h8D52EHVVqyOch6NXbx1mJng/Vnx3eNvVxdsg/kbPlDhO7mOs5MrgWQw/VMAHy7t31GooP0YR5oJjtzCk4sAdw==",
      "requires": {
        "@aws-cdk/core": "1.76.0",
        "@aws-cdk/cx-api": "1.76.0",
        "constructs": "^3.2.0"
      }
    },
    "@aws-cdk/aws-applicationautoscaling": {
      "version": "1.76.0",
      "resolved": "https://registry.npmjs.org/@aws-cdk/aws-applicationautoscaling/-/aws-applicationautoscaling-1.76.0.tgz",
      "integrity": "sha512-YnkYapN1O+AHNu3thJ2LFA1r8whguV3/vDRWIDmsVmkMgEvt8xeDCU+9dpWZ0gLRT0iQgj9BkKbKMcPKtTgsVA==",
      "requires": {
        "@aws-cdk/aws-autoscaling-common": "1.76.0",
        "@aws-cdk/aws-cloudwatch": "1.76.0",
        "@aws-cdk/aws-iam": "1.76.0",
        "@aws-cdk/core": "1.76.0",
        "constructs": "^3.2.0"
      }
    },
    "@aws-cdk/aws-autoscaling-common": {
      "version": "1.76.0",
      "resolved": "https://registry.npmjs.org/@aws-cdk/aws-autoscaling-common/-/aws-autoscaling-common-1.76.0.tgz",
      "integrity": "sha512-V4eLXLPxnU+QQQwQUz226AKCcLy5jAIkPrjtZvY8K4A0mMi3nlRORvVKDGs7FsORFtLMqpvTYlFl8c1np99olg==",
      "requires": {
        "@aws-cdk/aws-iam": "1.76.0",
        "@aws-cdk/core": "1.76.0",
        "constructs": "^3.2.0"
      }
    },
    "@aws-cdk/aws-cloudwatch": {
      "version": "1.76.0",
      "resolved": "https://registry.npmjs.org/@aws-cdk/aws-cloudwatch/-/aws-cloudwatch-1.76.0.tgz",
      "integrity": "sha512-C/SZrGZ42ytbVOzdsPxDrEHFASoKVY/FEnoPLZ4E+EiaKbpzqJ6XPWClRaeUdxGIkTCU8ykgF/EmQ2XUs7h96g==",
      "requires": {
        "@aws-cdk/aws-iam": "1.76.0",
        "@aws-cdk/core": "1.76.0",
        "constructs": "^3.2.0"
      }
    },
    "@aws-cdk/aws-codeguruprofiler": {
      "version": "1.76.0",
      "resolved": "https://registry.npmjs.org/@aws-cdk/aws-codeguruprofiler/-/aws-codeguruprofiler-1.76.0.tgz",
      "integrity": "sha512-Uc1NgNGrFPDAyMnPApWMKKb98Eka+i6t2mEEe3/OsxCkU1LK7oRZgNgY2bDTBSXzhoNpZBBd8wxoCE8CmNAMoQ==",
      "requires": {
        "@aws-cdk/aws-iam": "1.76.0",
        "@aws-cdk/core": "1.76.0",
        "constructs": "^3.2.0"
      }
    },
    "@aws-cdk/aws-ec2": {
      "version": "1.76.0",
      "resolved": "https://registry.npmjs.org/@aws-cdk/aws-ec2/-/aws-ec2-1.76.0.tgz",
      "integrity": "sha512-Pq/0IeeQ/2bSdhIGpVTSVitRXZmDoGIj7ABb4DrJBpWgMczACSWRTu/YISnThDZvOBnJnQfKX/6rqArxy4zTsg==",
      "requires": {
        "@aws-cdk/aws-cloudwatch": "1.76.0",
        "@aws-cdk/aws-iam": "1.76.0",
        "@aws-cdk/aws-kms": "1.76.0",
        "@aws-cdk/aws-logs": "1.76.0",
        "@aws-cdk/aws-s3": "1.76.0",
        "@aws-cdk/aws-s3-assets": "1.76.0",
        "@aws-cdk/aws-ssm": "1.76.0",
        "@aws-cdk/cloud-assembly-schema": "1.76.0",
        "@aws-cdk/core": "1.76.0",
        "@aws-cdk/cx-api": "1.76.0",
        "@aws-cdk/region-info": "1.76.0",
        "constructs": "^3.2.0"
      }
    },
    "@aws-cdk/aws-ecr": {
      "version": "1.76.0",
      "resolved": "https://registry.npmjs.org/@aws-cdk/aws-ecr/-/aws-ecr-1.76.0.tgz",
      "integrity": "sha512-bnuDe2MfeS3Q8bpYkUC94ytbuBa35+b7nYDxajN8Xa789f9Rr1BE42mW+FbsTXp0XvBvHgu7jg5SuG2W4cmlLA==",
      "requires": {
        "@aws-cdk/aws-events": "1.76.0",
        "@aws-cdk/aws-iam": "1.76.0",
        "@aws-cdk/core": "1.76.0",
        "constructs": "^3.2.0"
      }
    },
    "@aws-cdk/aws-ecr-assets": {
      "version": "1.76.0",
      "resolved": "https://registry.npmjs.org/@aws-cdk/aws-ecr-assets/-/aws-ecr-assets-1.76.0.tgz",
      "integrity": "sha512-uEOIJvvJF9tN8QWefl42E7H6L1mgVAScUIVMzJ3n89I8dmls7T4VGfMERFP9XpamSO1s82Mk7PTp8kNPawctxQ==",
      "requires": {
        "@aws-cdk/assets": "1.76.0",
        "@aws-cdk/aws-ecr": "1.76.0",
        "@aws-cdk/aws-iam": "1.76.0",
        "@aws-cdk/aws-s3": "1.76.0",
        "@aws-cdk/core": "1.76.0",
        "@aws-cdk/cx-api": "1.76.0",
        "constructs": "^3.2.0",
        "minimatch": "^3.0.4"
      },
      "dependencies": {
        "minimatch": {
          "version": "3.0.4",
          "resolved": "https://registry.npmjs.org/minimatch/-/minimatch-3.0.4.tgz",
          "integrity": "sha512-yJHVQEhyqPLUTgt9B83PXu6W3rx4MvvHvSUvToogpwoGDOUQ+yDrR0HRot+yOCdCO7u4hX3pWft6kWBBcqh0UA==",
          "requires": {
            "brace-expansion": "^1.1.7"
          }
        }
      }
    },
    "@aws-cdk/aws-efs": {
      "version": "1.76.0",
      "resolved": "https://registry.npmjs.org/@aws-cdk/aws-efs/-/aws-efs-1.76.0.tgz",
      "integrity": "sha512-t291HxZoFbGkEXVcRXAAB1ZgSsCuJpN6UdE4uthZE7v9arCOARdpmCz8VX3jp+SCA9y9e2xzImwBRE6honjJJg==",
      "requires": {
        "@aws-cdk/aws-ec2": "1.76.0",
        "@aws-cdk/aws-kms": "1.76.0",
        "@aws-cdk/cloud-assembly-schema": "1.76.0",
        "@aws-cdk/core": "1.76.0",
        "@aws-cdk/cx-api": "1.76.0",
        "constructs": "^3.2.0"
      }
    },
    "@aws-cdk/aws-events": {
      "version": "1.76.0",
      "resolved": "https://registry.npmjs.org/@aws-cdk/aws-events/-/aws-events-1.76.0.tgz",
      "integrity": "sha512-T4EQ+MjLw4LiKv0eizrCUB6KPgwxkNFpN9rNQaTsl6xzl5s1/Prko1XLhujPBSikCadeOrXYM5N3cK73pK5L/Q==",
      "requires": {
        "@aws-cdk/aws-iam": "1.76.0",
        "@aws-cdk/core": "1.76.0",
        "constructs": "^3.2.0"
      }
    },
    "@aws-cdk/aws-iam": {
      "version": "1.76.0",
      "resolved": "https://registry.npmjs.org/@aws-cdk/aws-iam/-/aws-iam-1.76.0.tgz",
      "integrity": "sha512-ncp7dodr+q0MW6O6eOXg9Qh92/o7iQHmRzzy6EDstXdHctriV8mhOfjp0VfvW7H+tXDDPjX07BRPQyxU02tcmA==",
      "requires": {
        "@aws-cdk/core": "1.76.0",
        "@aws-cdk/region-info": "1.76.0",
        "constructs": "^3.2.0"
      }
    },
    "@aws-cdk/aws-kms": {
      "version": "1.76.0",
      "resolved": "https://registry.npmjs.org/@aws-cdk/aws-kms/-/aws-kms-1.76.0.tgz",
      "integrity": "sha512-X4HFayQheHYEJUB2BDhggRUkomtFtNFYHvgxE3Eyih1Hf29tI6Tuq4T/7W7Nl4OAp4g4S04c3bZR1YMt33n+jg==",
      "requires": {
        "@aws-cdk/aws-iam": "1.76.0",
        "@aws-cdk/core": "1.76.0",
        "constructs": "^3.2.0"
      }
    },
    "@aws-cdk/aws-lambda": {
      "version": "1.76.0",
      "resolved": "https://registry.npmjs.org/@aws-cdk/aws-lambda/-/aws-lambda-1.76.0.tgz",
      "integrity": "sha512-EUaIZqPE83YJy94Ik2CoAkEFhsKAZAkH2jziIBGrtN7lYDqfi4eDDPyFBwwp5g9ZoV+R1xViFbZvc7LGwPgZJw==",
      "requires": {
        "@aws-cdk/aws-applicationautoscaling": "1.76.0",
        "@aws-cdk/aws-cloudwatch": "1.76.0",
        "@aws-cdk/aws-codeguruprofiler": "1.76.0",
        "@aws-cdk/aws-ec2": "1.76.0",
        "@aws-cdk/aws-ecr": "1.76.0",
        "@aws-cdk/aws-ecr-assets": "1.76.0",
        "@aws-cdk/aws-efs": "1.76.0",
        "@aws-cdk/aws-events": "1.76.0",
        "@aws-cdk/aws-iam": "1.76.0",
        "@aws-cdk/aws-logs": "1.76.0",
        "@aws-cdk/aws-s3": "1.76.0",
        "@aws-cdk/aws-s3-assets": "1.76.0",
        "@aws-cdk/aws-sqs": "1.76.0",
        "@aws-cdk/core": "1.76.0",
        "@aws-cdk/cx-api": "1.76.0",
        "constructs": "^3.2.0"
      }
    },
    "@aws-cdk/aws-logs": {
      "version": "1.76.0",
      "resolved": "https://registry.npmjs.org/@aws-cdk/aws-logs/-/aws-logs-1.76.0.tgz",
      "integrity": "sha512-fXOtDytqldZDN2cy3EZE0MQrQoUaCkLFL70awfgNulQeGs2PMw0r/PPAKgV6ZBE1ZpaZLIqCOhvm59i7mNFsHA==",
      "requires": {
        "@aws-cdk/aws-cloudwatch": "1.76.0",
        "@aws-cdk/aws-iam": "1.76.0",
        "@aws-cdk/aws-kms": "1.76.0",
        "@aws-cdk/aws-s3-assets": "1.76.0",
        "@aws-cdk/core": "1.76.0",
        "constructs": "^3.2.0"
      }
    },
    "@aws-cdk/aws-s3": {
      "version": "1.76.0",
      "resolved": "https://registry.npmjs.org/@aws-cdk/aws-s3/-/aws-s3-1.76.0.tgz",
      "integrity": "sha512-74X5eILk4ZDukbFqYH0KAf/CwXbcFrlr/KMn7ACzETxNWtpQkEjTAVnosfkJ6uc5Bg0VKEybe2jLvkfaOSj7NQ==",
      "requires": {
        "@aws-cdk/aws-events": "1.76.0",
        "@aws-cdk/aws-iam": "1.76.0",
        "@aws-cdk/aws-kms": "1.76.0",
        "@aws-cdk/core": "1.76.0",
        "constructs": "^3.2.0"
      }
    },
    "@aws-cdk/aws-s3-assets": {
      "version": "1.76.0",
      "resolved": "https://registry.npmjs.org/@aws-cdk/aws-s3-assets/-/aws-s3-assets-1.76.0.tgz",
      "integrity": "sha512-agiKku4qvNigLBehI7hm85d46QEuU6D7dlGYsKt+YtcNjJ6JIWpKlHL/lH4hzHnorpBB1Mo9R6+4Zr4J5Fyyiw==",
      "requires": {
        "@aws-cdk/assets": "1.76.0",
        "@aws-cdk/aws-iam": "1.76.0",
        "@aws-cdk/aws-kms": "1.76.0",
        "@aws-cdk/aws-s3": "1.76.0",
        "@aws-cdk/core": "1.76.0",
        "@aws-cdk/cx-api": "1.76.0",
        "constructs": "^3.2.0"
      }
    },
    "@aws-cdk/aws-sqs": {
      "version": "1.76.0",
      "resolved": "https://registry.npmjs.org/@aws-cdk/aws-sqs/-/aws-sqs-1.76.0.tgz",
      "integrity": "sha512-cQi77WTLyOXmWHkrRBEsEE9gx9R5i0mEIv7qOVpySuEb9Fd8uxJ9/LnWY31LKiwnt8GrBpooR49dV6PhSmjFYg==",
      "requires": {
        "@aws-cdk/aws-cloudwatch": "1.76.0",
        "@aws-cdk/aws-iam": "1.76.0",
        "@aws-cdk/aws-kms": "1.76.0",
        "@aws-cdk/core": "1.76.0",
        "constructs": "^3.2.0"
      }
    },
    "@aws-cdk/aws-ssm": {
      "version": "1.76.0",
      "resolved": "https://registry.npmjs.org/@aws-cdk/aws-ssm/-/aws-ssm-1.76.0.tgz",
      "integrity": "sha512-YBsOkP+cYRFTTnKQGQezPK4MA4GmgAd2HdoZa5bGkxUv6aVd4905+B3gRCBjyHpVp+t1my/7e1ExJg6HywmROA==",
      "requires": {
        "@aws-cdk/aws-iam": "1.76.0",
        "@aws-cdk/aws-kms": "1.76.0",
        "@aws-cdk/cloud-assembly-schema": "1.76.0",
        "@aws-cdk/core": "1.76.0",
        "constructs": "^3.2.0"
      }
    },
    "@aws-cdk/cloud-assembly-schema": {
      "version": "1.76.0",
      "resolved": "https://registry.npmjs.org/@aws-cdk/cloud-assembly-schema/-/cloud-assembly-schema-1.76.0.tgz",
      "integrity": "sha512-Wn9Zec9zMUBDkCakqNrqOnd3eSk1PKkB4a2TnTtgnjy4L3G2KCS3xMDFgmo7YGV/8LyavcS6HXRgjpIERS562g==",
      "requires": {
        "jsonschema": "^1.4.0",
        "semver": "^7.3.2"
      }
    },
    "@aws-cdk/core": {
      "version": "1.76.0",
      "resolved": "https://registry.npmjs.org/@aws-cdk/core/-/core-1.76.0.tgz",
      "integrity": "sha512-JNlkoZd99H8JFfYl857ZuwtPMJyH9TdaRvoJdd0Xydi35ldRquD835Q6S4VZo8UwhWvmopwhm5Kp0lOKChweIQ==",
      "requires": {
        "@aws-cdk/cloud-assembly-schema": "1.76.0",
        "@aws-cdk/cx-api": "1.76.0",
        "@aws-cdk/region-info": "1.76.0",
        "@balena/dockerignore": "^1.0.2",
        "constructs": "^3.2.0",
        "fs-extra": "^9.0.1",
        "ignore": "^5.1.8",
        "minimatch": "^3.0.4"
      }
    },
    "@aws-cdk/cx-api": {
      "version": "1.76.0",
      "resolved": "https://registry.npmjs.org/@aws-cdk/cx-api/-/cx-api-1.76.0.tgz",
      "integrity": "sha512-UFsOC6whfLzFr3f1diWu9fc0nUDWgOj0WceGtCbYRLp5B9Uxu/9z/0ZnZRi0wBJnCmqOlx53NN4NspDNslJo1Q==",
      "requires": {
        "@aws-cdk/cloud-assembly-schema": "1.76.0",
        "semver": "^7.3.2"
      },
      "dependencies": {
        "semver": {
          "version": "7.3.2",
          "resolved": "https://registry.npmjs.org/semver/-/semver-7.3.2.tgz",
          "integrity": "sha512-OrOb32TeeambH6UrhtShmF7CRDqhL6/5XpPNp2DuRH6+9QLw/orhp72j87v8Qa1ScDkvrrBNpZcDejAirJmfXQ=="
        }
      }
    },
    "@aws-cdk/region-info": {
      "version": "1.76.0",
      "resolved": "https://registry.npmjs.org/@aws-cdk/region-info/-/region-info-1.76.0.tgz",
      "integrity": "sha512-0bGR8HH/lYtHT4n04tmPiF+eSbppkxAXHGSemAVDBWBX/9//T1vjqy/KuDSYRVHYjfxA3cBT470TUPzWrE7q8A=="
    },
    "@balena/dockerignore": {
      "version": "1.0.2",
      "resolved": "https://registry.npmjs.org/@balena/dockerignore/-/dockerignore-1.0.2.tgz",
      "integrity": "sha512-wMue2Sy4GAVTk6Ic4tJVcnfdau+gx2EnG7S+uAEe+TWJFqE4YoWN4/H8MSLj4eYJKxGg26lZwboEniNiNwZQ6Q=="
    },
    "@types/node": {
      "version": "16.10.3",
      "resolved": "https://registry.npmjs.org/@types/node/-/node-16.10.3.tgz",
      "integrity": "sha512-ho3Ruq+fFnBrZhUYI46n/bV2GjwzSkwuT4dTf0GkuNFmnb8nq4ny2z9JEVemFi6bdEJanHLlYfy9c6FN9B9McQ==",
      "dev": true
    },
    "at-least-node": {
      "version": "1.0.0",
      "resolved": "https://registry.npmjs.org/at-least-node/-/at-least-node-1.0.0.tgz",
      "integrity": "sha512-+q/t7Ekv1EDY2l6Gda6LLiX14rU9TV20Wa3ofeQmwPFZbOMo9DXrLbOjFaaclkXKWidIaopwAObQDqwWtGUjqg=="
    },
    "balanced-match": {
      "version": "1.0.0",
      "resolved": "https://registry.npmjs.org/balanced-match/-/balanced-match-1.0.0.tgz",
      "integrity": "sha1-ibTRmasr7kneFk6gK4nORi1xt2c="
    },
    "brace-expansion": {
      "version": "1.1.11",
      "resolved": "https://registry.npmjs.org/brace-expansion/-/brace-expansion-1.1.11.tgz",
      "integrity": "sha512-iCuPHDFgrHX7H2vEI/5xpz07zSHB00TpugqhmYtVmMO6518mCuRMoOYFldEBl0g187ufozdaHgWKcYFb61qGiA==",
      "requires": {
        "balanced-match": "^1.0.0",
        "concat-map": "0.0.1"
      }
    },
    "concat-map": {
      "version": "0.0.1",
      "resolved": "https://registry.npmjs.org/concat-map/-/concat-map-0.0.1.tgz",
      "integrity": "sha1-2Klr13/Wjfd5OnMDajug1UBdR3s="
    },
    "constructs": {
      "version": "3.2.59",
      "resolved": "https://registry.npmjs.org/constructs/-/constructs-3.2.59.tgz",
      "integrity": "sha512-mg7IJyLyi9EjT1Arsq99GEuNk0cebbm7wSoHy+Of3fBy4uypUO0xIHmx6FKn1NfPj28PEpzEAHzXoy1IPO4ySw=="
    },
    "fs-extra": {
      "version": "9.0.1",
      "resolved": "https://registry.npmjs.org/fs-extra/-/fs-extra-9.0.1.tgz",
      "integrity": "sha512-h2iAoN838FqAFJY2/qVpzFXy+EBxfVE220PalAqQLDVsFOHLJrZvut5puAbCdNv6WJk+B8ihI+k0c7JK5erwqQ==",
      "requires": {
        "at-least-node": "^1.0.0",
        "graceful-fs": "^4.2.0",
        "jsonfile": "^6.0.1",
        "universalify": "^1.0.0"
      }
    },
    "graceful-fs": {
      "version": "4.2.4",
      "resolved": "https://registry.npmjs.org/graceful-fs/-/graceful-fs-4.2.4.tgz",
      "integrity": "sha512-WjKPNJF79dtJAVniUlGGWHYGz2jWxT6VhN/4m1NdkbZ2nOsEF+cI1Edgql5zCRhs/VsQYRvrXctxktVXZUkixw=="
    },
    "ignore": {
      "version": "5.1.8",
      "resolved": "https://registry.npmjs.org/ignore/-/ignore-5.1.8.tgz",
      "integrity": "sha512-BMpfD7PpiETpBl/A6S498BaIJ6Y/ABT93ETbby2fP00v4EbvPBXWEoaR1UBPKs3iR53pJY7EtZk5KACI57i1Uw=="
    },
    "jsonfile": {
      "version": "6.1.0",
      "resolved": "https://registry.npmjs.org/jsonfile/-/jsonfile-6.1.0.tgz",
      "integrity": "sha512-5dgndWOriYSm5cnYaJNhalLNDKOqFwyDB/rr1E9ZsGciGvKPs8R2xYGCacuf3z6K1YKDz182fd+fY3cn3pMqXQ==",
      "requires": {
        "graceful-fs": "^4.1.6",
        "universalify": "^2.0.0"
      },
      "dependencies": {
        "universalify": {
          "version": "2.0.0",
          "resolved": "https://registry.npmjs.org/universalify/-/universalify-2.0.0.tgz",
          "integrity": "sha512-hAZsKq7Yy11Zu1DE0OzWjw7nnLZmJZYTDZZyEFHZdUhV8FkH5MCfoU1XMaxXovpyW5nq5scPqq0ZDP9Zyl04oQ=="
        }
      }
    },
    "jsonschema": {
      "version": "1.4.0",
      "resolved": "https://registry.npmjs.org/jsonschema/-/jsonschema-1.4.0.tgz",
      "integrity": "sha512-/YgW6pRMr6M7C+4o8kS+B/2myEpHCrxO4PEWnqJNBFMjn7EWXqlQ4tGwL6xTHeRplwuZmcAncdvfOad1nT2yMw=="
    },
    "minimatch": {
      "version": "3.0.4",
      "resolved": "https://registry.npmjs.org/minimatch/-/minimatch-3.0.4.tgz",
      "integrity": "sha512-yJHVQEhyqPLUTgt9B83PXu6W3rx4MvvHvSUvToogpwoGDOUQ+yDrR0HRot+yOCdCO7u4hX3pWft6kWBBcqh0UA==",
      "requires": {
        "brace-expansion": "^1.1.7"
      }
    },
    "semver": {
      "version": "7.3.2",
      "resolved": "https://registry.npmjs.org/semver/-/semver-7.3.2.tgz",
      "integrity": "sha512-OrOb32TeeambH6UrhtShmF7CRDqhL6/5XpPNp2DuRH6+9QLw/orhp72j87v8Qa1ScDkvrrBNpZcDejAirJmfXQ=="
    },
    "typescript": {
      "version": "4.4.3",
      "resolved": "https://registry.npmjs.org/typescript/-/typescript-4.4.3.tgz",
      "integrity": "sha512-4xfscpisVgqqDfPaJo5vkd+Qd/ItkoagnHpufr+i2QCHBsNYp+G7UAoyFl8aPtx879u38wPV65rZ8qbGZijalA==",
      "dev": true
    },
    "universalify": {
      "version": "1.0.0",
      "resolved": "https://registry.npmjs.org/universalify/-/universalify-1.0.0.tgz",
      "integrity": "sha512-rb6X1W158d7pRQBg5gkR8uPaSfiids68LTJQYOtEUhoJUWBdaQHsuT/EUduxXYxcrt4r5PJ4fuHW1MHT6p0qug=="
    }
  }
}
